
Microsoft Visual Studio Solution File, Format Version 12.00
# Visual Studio 15
VisualStudioVersion = 15.0.27130.2027
MinimumVisualStudioVersion = 10.0.40219.1
Project("{FAE04EC0-301F-11D3-BF4B-00C04F79EFBC}") = "Lab_2", "Lab_2\Lab_2.csproj", "{7AB7EDA6-EF6F-4ABD-AFF8-F33353D3B02F}"
EndProject
Project("{FAE04EC0-301F-11D3-BF4B-00C04F79EFBC}") = "Lab_1", "Lab_1\Lab_1.csproj", "{5F395568-D191-461B-A537-F885E9B1AA49}"
EndProject
Project("{FAE04EC0-301F-11D3-BF4B-00C04F79EFBC}") = "Lab_3.2", "Lab_4\Lab_3.2.csproj", "{88BA6E05-09FD-4D26-BC27-53234B46F96E}"
EndProject
Project("{FAE04EC0-301F-11D3-BF4B-00C04F79EFBC}") = "Lab_3", "Lab_3\Lab_3.csproj", "{B080FDC1-3437-44CD-AC77-252F3F226EA1}"
EndProject
Project("{FAE04EC0-301F-11D3-BF4B-00C04F79EFBC}") = "Lab_4", "Lab_5\Lab_4.csproj", "{F2917653-939A-414E-9CDD-8F965B7B3A06}"
EndProject
Project("{FAE04EC0-301F-11D3-BF4B-00C04F79EFBC}") = "Lab_5", "Lab_6\Lab_5.csproj", "{393D612D-1D0F-4D69-A5F8-CD1824BC347A}"
EndProject
Project("{FAE04EC0-301F-11D3-BF4B-00C04F79EFBC}") = "Lab_6", "Lab_6_1\Lab_6.csproj", "{910F728B-F6B8-417B-B2B0-0CC14BF29379}"
EndProject
Global
	GlobalSection(SolutionConfigurationPlatforms) = preSolution
		Debug|Any CPU = Debug|Any CPU
		Release|Any CPU = Release|Any CPU
	EndGlobalSection
	GlobalSection(ProjectConfigurationPlatforms) = postSolution
		{7AB7EDA6-EF6F-4ABD-AFF8-F33353D3B02F}.Debug|Any CPU.ActiveCfg = Debug|Any CPU
		{7AB7EDA6-EF6F-4ABD-AFF8-F33353D3B02F}.Debug|Any CPU.Build.0 = Debug|Any CPU
		{7AB7EDA6-EF6F-4ABD-AFF8-F33353D3B02F}.Release|Any CPU.ActiveCfg = Release|Any CPU
		{7AB7EDA6-EF6F-4ABD-AFF8-F33353D3B02F}.Release|Any CPU.Build.0 = Release|Any CPU
		{5F395568-D191-461B-A537-F885E9B1AA49}.Debug|Any CPU.ActiveCfg = Debug|Any CPU
		{5F395568-D191-461B-A537-F885E9B1AA49}.Debug|Any CPU.Build.0 = Debug|Any CPU
		{5F395568-D191-461B-A537-F885E9B1AA49}.Release|Any CPU.ActiveCfg = Release|Any CPU
		{5F395568-D191-461B-A537-F885E9B1AA49}.Release|Any CPU.Build.0 = Release|Any CPU
		{88BA6E05-09FD-4D26-BC27-53234B46F96E}.Debug|Any CPU.ActiveCfg = Debug|Any CPU
		{88BA6E05-09FD-4D26-BC27-53234B46F96E}.Debug|Any CPU.Build.0 = Debug|Any CPU
		{88BA6E05-09FD-4D26-BC27-53234B46F96E}.Release|Any CPU.ActiveCfg = Release|Any CPU
		{88BA6E05-09FD-4D26-BC27-53234B46F96E}.Release|Any CPU.Build.0 = Release|Any CPU
		{B080FDC1-3437-44CD-AC77-252F3F226EA1}.Debug|Any CPU.ActiveCfg = Debug|Any CPU
		{B080FDC1-3437-44CD-AC77-252F3F226EA1}.Debug|Any CPU.Build.0 = Debug|Any CPU
		{B080FDC1-3437-44CD-AC77-252F3F226EA1}.Release|Any CPU.ActiveCfg = Release|Any CPU
		{B080FDC1-3437-44CD-AC77-252F3F226EA1}.Release|Any CPU.Build.0 = Release|Any CPU
		{F2917653-939A-414E-9CDD-8F965B7B3A06}.Debug|Any CPU.ActiveCfg = Debug|Any CPU
		{F2917653-939A-414E-9CDD-8F965B7B3A06}.Debug|Any CPU.Build.0 = Debug|Any CPU
		{F2917653-939A-414E-9CDD-8F965B7B3A06}.Release|Any CPU.ActiveCfg = Release|Any CPU
		{F2917653-939A-414E-9CDD-8F965B7B3A06}.Release|Any CPU.Build.0 = Release|Any CPU
		{393D612D-1D0F-4D69-A5F8-CD1824BC347A}.Debug|Any CPU.ActiveCfg = Debug|Any CPU
		{393D612D-1D0F-4D69-A5F8-CD1824BC347A}.Debug|Any CPU.Build.0 = Debug|Any CPU
		{393D612D-1D0F-4D69-A5F8-CD1824BC347A}.Release|Any CPU.ActiveCfg = Release|Any CPU
		{393D612D-1D0F-4D69-A5F8-CD1824BC347A}.Release|Any CPU.Build.0 = Release|Any CPU
		{910F728B-F6B8-417B-B2B0-0CC14BF29379}.Debug|Any CPU.ActiveCfg = Debug|Any CPU
		{910F728B-F6B8-417B-B2B0-0CC14BF29379}.Debug|Any CPU.Build.0 = Debug|Any CPU
		{910F728B-F6B8-417B-B2B0-0CC14BF29379}.Release|Any CPU.ActiveCfg = Release|Any CPU
		{910F728B-F6B8-417B-B2B0-0CC14BF29379}.Release|Any CPU.Build.0 = Release|Any CPU
	EndGlobalSection
	GlobalSection(SolutionProperties) = preSolution
		HideSolutionNode = FALSE
	EndGlobalSection
	GlobalSection(ExtensibilityGlobals) = postSolution
		SolutionGuid = {B48098A7-CD16-4151-819B-8F34137ADD6C}
	EndGlobalSection
EndGlobal
